// !$*UTF8*$!
{
	archiveVersion = 1;
	classes = {
	};
	objectVersion = 56;
	objects = {

/* Begin PBXBuildFile section */
		3A9808BA2948B41B0063ABE0 /* AppDelegate.swift in Sources */ = {isa = PBXBuildFile; fileRef = 3A9808B92948B41B0063ABE0 /* AppDelegate.swift */; };
		3A9808BC2948B41B0063ABE0 /* SceneDelegate.swift in Sources */ = {isa = PBXBuildFile; fileRef = 3A9808BB2948B41B0063ABE0 /* SceneDelegate.swift */; };
		3A9808BE2948B41B0063ABE0 /* ViewController.swift in Sources */ = {isa = PBXBuildFile; fileRef = 3A9808BD2948B41B0063ABE0 /* ViewController.swift */; };
		3A9808C12948B41B0063ABE0 /* Main.storyboard in Resources */ = {isa = PBXBuildFile; fileRef = 3A9808BF2948B41B0063ABE0 /* Main.storyboard */; };
		3A9808C32948B41C0063ABE0 /* Assets.xcassets in Resources */ = {isa = PBXBuildFile; fileRef = 3A9808C22948B41C0063ABE0 /* Assets.xcassets */; };
		3A9808C62948B41C0063ABE0 /* LaunchScreen.storyboard in Resources */ = {isa = PBXBuildFile; fileRef = 3A9808C42948B41C0063ABE0 /* LaunchScreen.storyboard */; };
		3A9808D12948B41C0063ABE0 /* timerTests.swift in Sources */ = {isa = PBXBuildFile; fileRef = 3A9808D02948B41C0063ABE0 /* timerTests.swift */; };
		3A9808DB2948B41C0063ABE0 /* timerUITests.swift in Sources */ = {isa = PBXBuildFile; fileRef = 3A9808DA2948B41C0063ABE0 /* timerUITests.swift */; };
		3A9808DD2948B41C0063ABE0 /* timerUITestsLaunchTests.swift in Sources */ = {isa = PBXBuildFile; fileRef = 3A9808DC2948B41C0063ABE0 /* timerUITestsLaunchTests.swift */; };
		3A9808EA2948B4FD0063ABE0 /* SecondViewController.swift in Sources */ = {isa = PBXBuildFile; fileRef = 3A9808E92948B4FD0063ABE0 /* SecondViewController.swift */; };
/* End PBXBuildFile section */

/* Begin PBXContainerItemProxy section */
		3A9808CD2948B41C0063ABE0 /* PBXContainerItemProxy */ = {
			isa = PBXContainerItemProxy;
			containerPortal = 3A9808AE2948B41B0063ABE0 /* Project object */;
			proxyType = 1;
			remoteGlobalIDString = 3A9808B52948B41B0063ABE0;
			remoteInfo = timer;
		};
		3A9808D72948B41C0063ABE0 /* PBXContainerItemProxy */ = {
			isa = PBXContainerItemProxy;
			containerPortal = 3A9808AE2948B41B0063ABE0 /* Project object */;
			proxyType = 1;
			remoteGlobalIDString = 3A9808B52948B41B0063ABE0;
			remoteInfo = timer;
		};
/* End PBXContainerItemProxy section */

/* Begin PBXFileReference section */
		3A9808B62948B41B0063ABE0 /* timer.app */ = {isa = PBXFileReference; explicitFileType = wrapper.application; includeInIndex = 0; path = timer.app; sourceTree = BUILT_PRODUCTS_DIR; };
		3A9808B92948B41B0063ABE0 /* AppDelegate.swift */ = {isa = PBXFileReference; lastKnownFileType = sourcecode.swift; path = AppDelegate.swift; sourceTree = "<group>"; };
		3A9808BB2948B41B0063ABE0 /* SceneDelegate.swift */ = {isa = PBXFileReference; lastKnownFileType = sourcecode.swift; path = SceneDelegate.swift; sourceTree = "<group>"; };
		3A9808BD2948B41B0063ABE0 /* ViewController.swift */ = {isa = PBXFileReference; lastKnownFileType = sourcecode.swift; path = ViewController.swift; sourceTree = "<group>"; };
		3A9808C02948B41B0063ABE0 /* Base */ = {isa = PBXFileReference; lastKnownFileType = file.storyboard; name = Base; path = Base.lproj/Main.storyboard; sourceTree = "<group>"; };
		3A9808C22948B41C0063ABE0 /* Assets.xcassets */ = {isa = PBXFileReference; lastKnownFileType = folder.assetcatalog; path = Assets.xcassets; sourceTree = "<group>"; };
		3A9808C52948B41C0063ABE0 /* Base */ = {isa = PBXFileReference; lastKnownFileType = file.storyboard; name = Base; path = Base.lproj/LaunchScreen.storyboard; sourceTree = "<group>"; };
		3A9808C72948B41C0063ABE0 /* Info.plist */ = {isa = PBXFileReference; lastKnownFileType = text.plist.xml; path = Info.plist; sourceTree = "<group>"; };
		3A9808CC2948B41C0063ABE0 /* timerTests.xctest */ = {isa = PBXFileReference; explicitFileType = wrapper.cfbundle; includeInIndex = 0; path = timerTests.xctest; sourceTree = BUILT_PRODUCTS_DIR; };
		3A9808D02948B41C0063ABE0 /* timerTests.swift */ = {isa = PBXFileReference; lastKnownFileType = sourcecode.swift; path = timerTests.swift; sourceTree = "<group>"; };
		3A9808D62948B41C0063ABE0 /* timerUITests.xctest */ = {isa = PBXFileReference; explicitFileType = wrapper.cfbundle; includeInIndex = 0; path = timerUITests.xctest; sourceTree = BUILT_PRODUCTS_DIR; };
		3A9808DA2948B41C0063ABE0 /* timerUITests.swift */ = {isa = PBXFileReference; lastKnownFileType = sourcecode.swift; path = timerUITests.swift; sourceTree = "<group>"; };
		3A9808DC2948B41C0063ABE0 /* timerUITestsLaunchTests.swift */ = {isa = PBXFileReference; lastKnownFileType = sourcecode.swift; path = timerUITestsLaunchTests.swift; sourceTree = "<group>"; };
		3A9808E92948B4FD0063ABE0 /* SecondViewController.swift */ = {isa = PBXFileReference; lastKnownFileType = sourcecode.swift; path = SecondViewController.swift; sourceTree = "<group>"; };
/* End PBXFileReference section */

/* Begin PBXFrameworksBuildPhase section */
		3A9808B32948B41B0063ABE0 /* Frameworks */ = {
			isa = PBXFrameworksBuildPhase;
			buildActionMask = 2147483647;
			files = (
			);
			runOnlyForDeploymentPostprocessing = 0;
		};
		3A9808C92948B41C0063ABE0 /* Frameworks */ = {
			isa = PBXFrameworksBuildPhase;
			buildActionMask = 2147483647;
			files = (
			);
			runOnlyForDeploymentPostprocessing = 0;
		};
		3A9808D32948B41C0063ABE0 /* Frameworks */ = {
			isa = PBXFrameworksBuildPhase;
			buildActionMask = 2147483647;
			files = (
			);
			runOnlyForDeploymentPostprocessing = 0;
		};
/* End PBXFrameworksBuildPhase section */

/* Begin PBXGroup section */
		3A9808AD2948B41B0063ABE0 = {
			isa = PBXGroup;
			children = (
				3A9808B82948B41B0063ABE0 /* timer */,
				3A9808CF2948B41C0063ABE0 /* timerTests */,
				3A9808D92948B41C0063ABE0 /* timerUITests */,
				3A9808B72948B41B0063ABE0 /* Products */,
			);
			sourceTree = "<group>";
		};
		3A9808B72948B41B0063ABE0 /* Products */ = {
			isa = PBXGroup;
			children = (
				3A9808B62948B41B0063ABE0 /* timer.app */,
				3A9808CC2948B41C0063ABE0 /* timerTests.xctest */,
				3A9808D62948B41C0063ABE0 /* timerUITests.xctest */,
			);
			name = Products;
			sourceTree = "<group>";
		};
		3A9808B82948B41B0063ABE0 /* timer */ = {
			isa = PBXGroup;
			children = (
				3A9808B92948B41B0063ABE0 /* AppDelegate.swift */,
				3A9808BB2948B41B0063ABE0 /* SceneDelegate.swift */,
				3A9808BD2948B41B0063ABE0 /* ViewController.swift */,
				3A9808E92948B4FD0063ABE0 /* SecondViewController.swift */,
				3A9808BF2948B41B0063ABE0 /* Main.storyboard */,
				3A9808C22948B41C0063ABE0 /* Assets.xcassets */,
				3A9808C42948B41C0063ABE0 /* LaunchScreen.storyboard */,
				3A9808C72948B41C0063ABE0 /* Info.plist */,
			);
			path = timer;
			sourceTree = "<group>";
		};
		3A9808CF2948B41C0063ABE0 /* timerTests */ = {
			isa = PBXGroup;
			children = (
				3A9808D02948B41C0063ABE0 /* timerTests.swift */,
			);
			path = timerTests;
			sourceTree = "<group>";
		};
		3A9808D92948B41C0063ABE0 /* timerUITests */ = {
			isa = PBXGroup;
			children = (
				3A9808DA2948B41C0063ABE0 /* timerUITests.swift */,
				3A9808DC2948B41C0063ABE0 /* timerUITestsLaunchTests.swift */,
			);
			path = timerUITests;
			sourceTree = "<group>";
		};
/* End PBXGroup section */

/* Begin PBXNativeTarget section */
		3A9808B52948B41B0063ABE0 /* timer */ = {
			isa = PBXNativeTarget;
			buildConfigurationList = 3A9808E02948B41C0063ABE0 /* Build configuration list for PBXNativeTarget "timer" */;
			buildPhases = (
				3A9808B22948B41B0063ABE0 /* Sources */,
				3A9808B32948B41B0063ABE0 /* Frameworks */,
				3A9808B42948B41B0063ABE0 /* Resources */,
			);
			buildRules = (
			);
			dependencies = (
			);
			name = timer;
			productName = timer;
			productReference = 3A9808B62948B41B0063ABE0 /* timer.app */;
			productType = "com.apple.product-type.application";
		};
		3A9808CB2948B41C0063ABE0 /* timerTests */ = {
			isa = PBXNativeTarget;
			buildConfigurationList = 3A9808E32948B41C0063ABE0 /* Build configuration list for PBXNativeTarget "timerTests" */;
			buildPhases = (
				3A9808C82948B41C0063ABE0 /* Sources */,
				3A9808C92948B41C0063ABE0 /* Frameworks */,
				3A9808CA2948B41C0063ABE0 /* Resources */,
			);
			buildRules = (
			);
			dependencies = (
				3A9808CE2948B41C0063ABE0 /* PBXTargetDependency */,
			);
			name = timerTests;
			productName = timerTests;
			productReference = 3A9808CC2948B41C0063ABE0 /* timerTests.xctest */;
			productType = "com.apple.product-type.bundle.unit-test";
		};
		3A9808D52948B41C0063ABE0 /* timerUITests */ = {
			isa = PBXNativeTarget;
			buildConfigurationList = 3A9808E62948B41C0063ABE0 /* Build configuration list for PBXNativeTarget "timerUITests" */;
			buildPhases = (
				3A9808D22948B41C0063ABE0 /* Sources */,
				3A9808D32948B41C0063ABE0 /* Frameworks */,
				3A9808D42948B41C0063ABE0 /* Resources */,
			);
			buildRules = (
			);
			dependencies = (
				3A9808D82948B41C0063ABE0 /* PBXTargetDependency */,
			);
			name = timerUITests;
			productName = timerUITests;
			productReference = 3A9808D62948B41C0063ABE0 /* timerUITests.xctest */;
			productType = "com.apple.product-type.bundle.ui-testing";
		};
/* End PBXNativeTarget section */

/* Begin PBXProject section */
		3A9808AE2948B41B0063ABE0 /* Project object */ = {
			isa = PBXProject;
			attributes = {
				BuildIndependentTargetsInParallel = 1;
				LastSwiftUpdateCheck = 1400;
				LastUpgradeCheck = 1400;
				TargetAttributes = {
					3A9808B52948B41B0063ABE0 = {
						CreatedOnToolsVersion = 14.0.1;
					};
					3A9808CB2948B41C0063ABE0 = {
						CreatedOnToolsVersion = 14.0.1;
						TestTargetID = 3A9808B52948B41B0063ABE0;
					};
					3A9808D52948B41C0063ABE0 = {
						CreatedOnToolsVersion = 14.0.1;
						TestTargetID = 3A9808B52948B41B0063ABE0;
					};
				};
			};
			buildConfigurationList = 3A9808B12948B41B0063ABE0 /* Build configuration list for PBXProject "timer" */;
			compatibilityVersion = "Xcode 14.0";
			developmentRegion = en;
			hasScannedForEncodings = 0;
			knownRegions = (
				en,
				Base,
			);
			mainGroup = 3A9808AD2948B41B0063ABE0;
			productRefGroup = 3A9808B72948B41B0063ABE0 /* Products */;
			projectDirPath = "";
			projectRoot = "";
			targets = (
				3A9808B52948B41B0063ABE0 /* timer */,
				3A9808CB2948B41C0063ABE0 /* timerTests */,
				3A9808D52948B41C0063ABE0 /* timerUITests */,
			);
		};
/* End PBXProject section */

/* Begin PBXResourcesBuildPhase section */
		3A9808B42948B41B0063ABE0 /* Resources */ = {
			isa = PBXResourcesBuildPhase;
			buildActionMask = 2147483647;
			files = (
				3A9808C62948B41C0063ABE0 /* LaunchScreen.storyboard in Resources */,
				3A9808C32948B41C0063ABE0 /* Assets.xcassets in Resources */,
				3A9808C12948B41B0063ABE0 /* Main.storyboard in Resources */,
			);
			runOnlyForDeploymentPostprocessing = 0;
		};
		3A9808CA2948B41C0063ABE0 /* Resources */ = {
			isa = PBXResourcesBuildPhase;
			buildActionMask = 2147483647;
			files = (
			);
			runOnlyForDeploymentPostprocessing = 0;
		};
		3A9808D42948B41C0063ABE0 /* Resources */ = {
			isa = PBXResourcesBuildPhase;
			buildActionMask = 2147483647;
			files = (
			);
			runOnlyForDeploymentPostprocessing = 0;
		};
/* End PBXResourcesBuildPhase section */

/* Begin PBXSourcesBuildPhase section */
		3A9808B22948B41B0063ABE0 /* Sources */ = {
			isa = PBXSourcesBuildPhase;
			buildActionMask = 2147483647;
			files = (
				3A9808EA2948B4FD0063ABE0 /* SecondViewController.swift in Sources */,
				3A9808BE2948B41B0063ABE0 /* ViewController.swift in Sources */,
				3A9808BA2948B41B0063ABE0 /* AppDelegate.swift in Sources */,
				3A9808BC2948B41B0063ABE0 /* SceneDelegate.swift in Sources */,
			);
			runOnlyForDeploymentPostprocessing = 0;
		};
		3A9808C82948B41C0063ABE0 /* Sources */ = {
			isa = PBXSourcesBuildPhase;
			buildActionMask = 2147483647;
			files = (
				3A9808D12948B41C0063ABE0 /* timerTests.swift in Sources */,
			);
			runOnlyForDeploymentPostprocessing = 0;
		};
		3A9808D22948B41C0063ABE0 /* Sources */ = {
			isa = PBXSourcesBuildPhase;
			buildActionMask = 2147483647;
			files = (
				3A9808DD2948B41C0063ABE0 /* timerUITestsLaunchTests.swift in Sources */,
				3A9808DB2948B41C0063ABE0 /* timerUITests.swift in Sources */,
			);
			runOnlyForDeploymentPostprocessing = 0;
		};
/* End PBXSourcesBuildPhase section */

/* Begin PBXTargetDependency section */
		3A9808CE2948B41C0063ABE0 /* PBXTargetDependency */ = {
			isa = PBXTargetDependency;
			target = 3A9808B52948B41B0063ABE0 /* timer */;
			targetProxy = 3A9808CD2948B41C0063ABE0 /* PBXContainerItemProxy */;
		};
		3A9808D82948B41C0063ABE0 /* PBXTargetDependency */ = {
			isa = PBXTargetDependency;
			target = 3A9808B52948B41B0063ABE0 /* timer */;
			targetProxy = 3A9808D72948B41C0063ABE0 /* PBXContainerItemProxy */;
		};
/* End PBXTargetDependency section */

/* Begin PBXVariantGroup section */
		3A9808BF2948B41B0063ABE0 /* Main.storyboard */ = {
			isa = PBXVariantGroup;
			children = (
				3A9808C02948B41B0063ABE0 /* Base */,
			);
			name = Main.storyboard;
			sourceTree = "<group>";
		};
		3A9808C42948B41C0063ABE0 /* LaunchScreen.storyboard */ = {
			isa = PBXVariantGroup;
			children = (
				3A9808C52948B41C0063ABE0 /* Base */,
			);
			name = LaunchScreen.storyboard;
			sourceTree = "<group>";
		};
/* End PBXVariantGroup section */

/* Begin XCBuildConfiguration section */
		3A9808DE2948B41C0063ABE0 /* Debug */ = {
			isa = XCBuildConfiguration;
			buildSettings = {
				ALWAYS_SEARCH_USER_PATHS = NO;
				CLANG_ANALYZER_NONNULL = YES;
				CLANG_ANALYZER_NUMBER_OBJECT_CONVERSION = YES_AGGRESSIVE;
				CLANG_CXX_LANGUAGE_STANDARD = "gnu++20";
				CLANG_ENABLE_MODULES = YES;
				CLANG_ENABLE_OBJC_ARC = YES;
				CLANG_ENABLE_OBJC_WEAK = YES;
				CLANG_WARN_BLOCK_CAPTURE_AUTORELEASING = YES;
				CLANG_WARN_BOOL_CONVERSION = YES;
				CLANG_WARN_COMMA = YES;
				CLANG_WARN_CONSTANT_CONVERSION = YES;
				CLANG_WARN_DEPRECATED_OBJC_IMPLEMENTATIONS = YES;
				CLANG_WARN_DIRECT_OBJC_ISA_USAGE = YES_ERROR;
				CLANG_WARN_DOCUMENTATION_COMMENTS = YES;
				CLANG_WARN_EMPTY_BODY = YES;
				CLANG_WARN_ENUM_CONVERSION = YES;
				CLANG_WARN_INFINITE_RECURSION = YES;
				CLANG_WARN_INT_CONVERSION = YES;
				CLANG_WARN_NON_LITERAL_NULL_CONVERSION = YES;
				CLANG_WARN_OBJC_IMPLICIT_RETAIN_SELF = YES;
				CLANG_WARN_OBJC_LITERAL_CONVERSION = YES;
				CLANG_WARN_OBJC_ROOT_CLASS = YES_ERROR;
				CLANG_WARN_QUOTED_INCLUDE_IN_FRAMEWORK_HEADER = YES;
				CLANG_WARN_RANGE_LOOP_ANALYSIS = YES;
				CLANG_WARN_STRICT_PROTOTYPES = YES;
				CLANG_WARN_SUSPICIOUS_MOVE = YES;
				CLANG_WARN_UNGUARDED_AVAILABILITY = YES_AGGRESSIVE;
				CLANG_WARN_UNREACHABLE_CODE = YES;
				CLANG_WARN__DUPLICATE_METHOD_MATCH = YES;
				COPY_PHASE_STRIP = NO;
				DEBUG_INFORMATION_FORMAT = dwarf;
				ENABLE_STRICT_OBJC_MSGSEND = YES;
				ENABLE_TESTABILITY = YES;
				GCC_C_LANGUAGE_STANDARD = gnu11;
				GCC_DYNAMIC_NO_PIC = NO;
				GCC_NO_COMMON_BLOCKS = YES;
				GCC_OPTIMIZATION_LEVEL = 0;
				GCC_PREPROCESSOR_DEFINITIONS = (
					"DEBUG=1",
					"$(inherited)",
				);
				GCC_WARN_64_TO_32_BIT_CONVERSION = YES;
				GCC_WARN_ABOUT_RETURN_TYPE = YES_ERROR;
				GCC_WARN_UNDECLARED_SELECTOR = YES;
				GCC_WARN_UNINITIALIZED_AUTOS = YES_AGGRESSIVE;
				GCC_WARN_UNUSED_FUNCTION = YES;
				GCC_WARN_UNUSED_VARIABLE = YES;
				IPHONEOS_DEPLOYMENT_TARGET = 16.0;
				MTL_ENABLE_DEBUG_INFO = INCLUDE_SOURCE;
				MTL_FAST_MATH = YES;
				ONLY_ACTIVE_ARCH = YES;
				SDKROOT = iphoneos;
				SWIFT_ACTIVE_COMPILATION_CONDITIONS = DEBUG;
				SWIFT_OPTIMIZATION_LEVEL = "-Onone";
			};
			name = Debug;
		};
		3A9808DF2948B41C0063ABE0 /* Release */ = {
			isa = XCBuildConfiguration;
			buildSettings = {
				ALWAYS_SEARCH_USER_PATHS = NO;
				CLANG_ANALYZER_NONNULL = YES;
				CLANG_ANALYZER_NUMBER_OBJECT_CONVERSION = YES_AGGRESSIVE;
				CLANG_CXX_LANGUAGE_STANDARD = "gnu++20";
				CLANG_ENABLE_MODULES = YES;
				CLANG_ENABLE_OBJC_ARC = YES;
				CLANG_ENABLE_OBJC_WEAK = YES;
				CLANG_WARN_BLOCK_CAPTURE_AUTORELEASING = YES;
				CLANG_WARN_BOOL_CONVERSION = YES;
				CLANG_WARN_COMMA = YES;
				CLANG_WARN_CONSTANT_CONVERSION = YES;
				CLANG_WARN_DEPRECATED_OBJC_IMPLEMENTATIONS = YES;
				CLANG_WARN_DIRECT_OBJC_ISA_USAGE = YES_ERROR;
				CLANG_WARN_DOCUMENTATION_COMMENTS = YES;
				CLANG_WARN_EMPTY_BODY = YES;
				CLANG_WARN_ENUM_CONVERSION = YES;
				CLANG_WARN_INFINITE_RECURSION = YES;
				CLANG_WARN_INT_CONVERSION = YES;
				CLANG_WARN_NON_LITERAL_NULL_CONVERSION = YES;
				CLANG_WARN_OBJC_IMPLICIT_RETAIN_SELF = YES;
				CLANG_WARN_OBJC_LITERAL_CONVERSION = YES;
				CLANG_WARN_OBJC_ROOT_CLASS = YES_ERROR;
				CLANG_WARN_QUOTED_INCLUDE_IN_FRAMEWORK_HEADER = YES;
				CLANG_WARN_RANGE_LOOP_ANALYSIS = YES;
				CLANG_WARN_STRICT_PROTOTYPES = YES;
				CLANG_WARN_SUSPICIOUS_MOVE = YES;
				CLANG_WARN_UNGUARDED_AVAILABILITY = YES_AGGRESSIVE;
				CLANG_WARN_UNREACHABLE_CODE = YES;
				CLANG_WARN__DUPLICATE_METHOD_MATCH = YES;
				COPY_PHASE_STRIP = NO;
				DEBUG_INFORMATION_FORMAT = "dwarf-with-dsym";
				ENABLE_NS_ASSERTIONS = NO;
				ENABLE_STRICT_OBJC_MSGSEND = YES;
				GCC_C_LANGUAGE_STANDARD = gnu11;
				GCC_NO_COMMON_BLOCKS = YES;
				GCC_WARN_64_TO_32_BIT_CONVERSION = YES;
				GCC_WARN_ABOUT_RETURN_TYPE = YES_ERROR;
				GCC_WARN_UNDECLARED_SELECTOR = YES;
				GCC_WARN_UNINITIALIZED_AUTOS = YES_AGGRESSIVE;
				GCC_WARN_UNUSED_FUNCTION = YES;
				GCC_WARN_UNUSED_VARIABLE = YES;
				IPHONEOS_DEPLOYMENT_TARGET = 16.0;
				MTL_ENABLE_DEBUG_INFO = NO;
				MTL_FAST_MATH = YES;
				SDKROOT = iphoneos;
				SWIFT_COMPILATION_MODE = wholemodule;
				SWIFT_OPTIMIZATION_LEVEL = "-O";
				VALIDATE_PRODUCT = YES;
			};
			name = Release;
		};
		3A9808E12948B41C0063ABE0 /* Debug */ = {
			isa = XCBuildConfiguration;
			buildSettings = {
				ASSETCATALOG_COMPILER_APPICON_NAME = AppIcon;
				ASSETCATALOG_COMPILER_GLOBAL_ACCENT_COLOR_NAME = AccentColor;
				CODE_SIGN_STYLE = Automatic;
				CURRENT_PROJECT_VERSION = 1;
				GENERATE_INFOPLIST_FILE = YES;
				INFOPLIST_FILE = timer/Info.plist;
				INFOPLIST_KEY_UIApplicationSupportsIndirectInputEvents = YES;
				INFOPLIST_KEY_UILaunchStoryboardName = LaunchScreen;
				INFOPLIST_KEY_UIMainStoryboardFile = Main;
				INFOPLIST_KEY_UISupportedInterfaceOrientations_iPad = "UIInterfaceOrientationPortrait UIInterfaceOrientationPortraitUpsideDown UIInterfaceOrientationLandscapeLeft UIInterfaceOrientationLandscapeRight";
				INFOPLIST_KEY_UISupportedInterfaceOrientations_iPhone = "UIInterfaceOrientationPortrait UIInterfaceOrientationLandscapeLeft UIInterfaceOrientationLandscapeRight";
				IPHONEOS_DEPLOYMENT_TARGET = 15.2;
				LD_RUNPATH_SEARCH_PATHS = (
					"$(inherited)",
					"@executable_path/Frameworks",
				);
				MARKETING_VERSION = 1.0;
				PRODUCT_BUNDLE_IDENTIFIER = valeria.timer;
				PRODUCT_NAME = "$(TARGET_NAME)";
				SUPPORTED_PLATFORMS = "iphoneos iphonesimulator";
				SUPPORTS_MACCATALYST = NO;
				SUPPORTS_MAC_DESIGNED_FOR_IPHONE_IPAD = NO;
				SWIFT_EMIT_LOC_STRINGS = YES;
				SWIFT_VERSION = 5.0;
				TARGETED_DEVICE_FAMILY = 1;
			};
			name = Debug;
		};
		3A9808E22948B41C0063ABE0 /* Release */ = {
			isa = XCBuildConfiguration;
			buildSettings = {
				ASSETCATALOG_COMPILER_APPICON_NAME = AppIcon;
				ASSETCATALOG_COMPILER_GLOBAL_ACCENT_COLOR_NAME = AccentColor;
				CODE_SIGN_STYLE = Automatic;
				CURRENT_PROJECT_VERSION = 1;
				GENERATE_INFOPLIST_FILE = YES;
				INFOPLIST_FILE = timer/Info.plist;
				INFOPLIST_KEY_UIApplicationSupportsIndirectInputEvents = YES;
				INFOPLIST_KEY_UILaunchStoryboardName = LaunchScreen;
				INFOPLIST_KEY_UIMainStoryboardFile = Main;
				INFOPLIST_KEY_UISupportedInterfaceOrientations_iPad = "UIInterfaceOrientationPortrait UIInterfaceOrientationPortraitUpsideDown UIInterfaceOrientationLandscapeLeft UIInterfaceOrientationLandscapeRight";
				INFOPLIST_KEY_UISupportedInterfaceOrientations_iPhone = "UIInterfaceOrientationPortrait UIInterfaceOrientationLandscapeLeft UIInterfaceOrientationLandscapeRight";
				IPHONEOS_DEPLOYMENT_TARGET = 15.2;
				LD_RUNPATH_SEARCH_PATHS = (
					"$(inherited)",
					"@executable_path/Frameworks",
				);
				MARKETING_VERSION = 1.0;
				PRODUCT_BUNDLE_IDENTIFIER = valeria.timer;
				PRODUCT_NAME = "$(TARGET_NAME)";
				SUPPORTED_PLATFORMS = "iphoneos iphonesimulator";
				SUPPORTS_MACCATALYST = NO;
				SUPPORTS_MAC_DESIGNED_FOR_IPHONE_IPAD = NO;
				SWIFT_EMIT_LOC_STRINGS = YES;
				SWIFT_VERSION = 5.0;
				TARGETED_DEVICE_FAMILY = 1;
			};
			name = Release;
		};
		3A9808E42948B41C0063ABE0 /* Debug */ = {
			isa = XCBuildConfiguration;
			buildSettings = {
				ALWAYS_EMBED_SWIFT_STANDARD_LIBRARIES = YES;
				BUNDLE_LOADER = "$(TEST_HOST)";
				CODE_SIGN_STYLE = Automatic;
				CURRENT_PROJECT_VERSION = 1;
				GENERATE_INFOPLIST_FILE = YES;
				IPHONEOS_DEPLOYMENT_TARGET = 16.0;
				MARKETING_VERSION = 1.0;
				PRODUCT_BUNDLE_IDENTIFIER = valeria.timerTests;
				PRODUCT_NAME = "$(TARGET_NAME)";
				SWIFT_EMIT_LOC_STRINGS = NO;
				SWIFT_VERSION = 5.0;
				TARGETED_DEVICE_FAMILY = "1,2";
				TEST_HOST = "$(BUILT_PRODUCTS_DIR)/timer.app/$(BUNDLE_EXECUTABLE_FOLDER_PATH)/timer";
			};
			name = Debug;
		};
		3A9808E52948B41C0063ABE0 /* Release */ = {
			isa = XCBuildConfiguration;
			buildSettings = {
				ALWAYS_EMBED_SWIFT_STANDARD_LIBRARIES = YES;
				BUNDLE_LOADER = "$(TEST_HOST)";
				CODE_SIGN_STYLE = Automatic;
				CURRENT_PROJECT_VERSION = 1;
				GENERATE_INFOPLIST_FILE = YES;
				IPHONEOS_DEPLOYMENT_TARGET = 16.0;
				MARKETING_VERSION = 1.0;
				PRODUCT_BUNDLE_IDENTIFIER = valeria.timerTests;
				PRODUCT_NAME = "$(TARGET_NAME)";
				SWIFT_EMIT_LOC_STRINGS = NO;
				SWIFT_VERSION = 5.0;
				TARGETED_DEVICE_FAMILY = "1,2";
				TEST_HOST = "$(BUILT_PRODUCTS_DIR)/timer.app/$(BUNDLE_EXECUTABLE_FOLDER_PATH)/timer";
			};
			name = Release;
		};
		3A9808E72948B41C0063ABE0 /* Debug */ = {
			isa = XCBuildConfiguration;
			buildSettings = {
				ALWAYS_EMBED_SWIFT_STANDARD_LIBRARIES = YES;
				CODE_SIGN_STYLE = Automatic;
				CURRENT_PROJECT_VERSION = 1;
				GENERATE_INFOPLIST_FILE = YES;
				MARKETING_VERSION = 1.0;
				PRODUCT_BUNDLE_IDENTIFIER = valeria.timerUITests;
				PRODUCT_NAME = "$(TARGET_NAME)";
				SWIFT_EMIT_LOC_STRINGS = NO;
				SWIFT_VERSION = 5.0;
				TARGETED_DEVICE_FAMILY = "1,2";
				TEST_TARGET_NAME = timer;
			};
			name = Debug;
		};
		3A9808E82948B41C0063ABE0 /* Release */ = {
			isa = XCBuildConfiguration;
			buildSettings = {
				ALWAYS_EMBED_SWIFT_STANDARD_LIBRARIES = YES;
				CODE_SIGN_STYLE = Automatic;
				CURRENT_PROJECT_VERSION = 1;
				GENERATE_INFOPLIST_FILE = YES;
				MARKETING_VERSION = 1.0;
				PRODUCT_BUNDLE_IDENTIFIER = valeria.timerUITests;
				PRODUCT_NAME = "$(TARGET_NAME)";
				SWIFT_EMIT_LOC_STRINGS = NO;
				SWIFT_VERSION = 5.0;
				TARGETED_DEVICE_FAMILY = "1,2";
				TEST_TARGET_NAME = timer;
			};
			name = Release;
		};
/* End XCBuildConfiguration section */

/* Begin XCConfigurationList section */
		3A9808B12948B41B0063ABE0 /* Build configuration list for PBXProject "timer" */ = {
			isa = XCConfigurationList;
			buildConfigurations = (
				3A9808DE2948B41C0063ABE0 /* Debug */,
				3A9808DF2948B41C0063ABE0 /* Release */,
			);
			defaultConfigurationIsVisible = 0;
			defaultConfigurationName = Release;
		};
		3A9808E02948B41C0063ABE0 /* Build configuration list for PBXNativeTarget "timer" */ = {
			isa = XCConfigurationList;
			buildConfigurations = (
				3A9808E12948B41C0063ABE0 /* Debug */,
				3A9808E22948B41C0063ABE0 /* Release */,
			);
			defaultConfigurationIsVisible = 0;
			defaultConfigurationName = Release;
		};
		3A9808E32948B41C0063ABE0 /* Build configuration list for PBXNativeTarget "timerTests" */ = {
			isa = XCConfigurationList;
			buildConfigurations = (
				3A9808E42948B41C0063ABE0 /* Debug */,
				3A9808E52948B41C0063ABE0 /* Release */,
			);
			defaultConfigurationIsVisible = 0;
			defaultConfigurationName = Release;
		};
		3A9808E62948B41C0063ABE0 /* Build configuration list for PBXNativeTarget "timerUITests" */ = {
			isa = XCConfigurationList;
			buildConfigurations = (
				3A9808E72948B41C0063ABE0 /* Debug */,
				3A9808E82948B41C0063ABE0 /* Release */,
			);
			defaultConfigurationIsVisible = 0;
			defaultConfigurationName = Release;
		};
/* End XCConfigurationList section */
	};
	rootObject = 3A9808AE2948B41B0063ABE0 /* Project object */;
}
